
Microsoft Visual Studio Solution File, Format Version 12.00
# Visual Studio Version 17
VisualStudioVersion = 17.3.32811.315
MinimumVisualStudioVersion = 10.0.40219.1
Project("{8BC9CEB8-8B4A-11D0-8D11-00A0C91BC942}") = "Zad3", "Zad3.vcxproj", "{42E85C6D-B08F-49D3-ABB9-5F3D5D5D85CC}"
EndProject
Global
	GlobalSection(SolutionConfigurationPlatforms) = preSolution
		Debug|x64 = Debug|x64
		Debug|x86 = Debug|x86
		Release|x64 = Release|x64
		Release|x86 = Release|x86
	EndGlobalSection
	GlobalSection(ProjectConfigurationPlatforms) = postSolution
		{42E85C6D-B08F-49D3-ABB9-5F3D5D5D85CC}.Debug|x64.ActiveCfg = Debug|x64
		{42E85C6D-B08F-49D3-ABB9-5F3D5D5D85CC}.Debug|x64.Build.0 = Debug|x64
		{42E85C6D-B08F-49D3-ABB9-5F3D5D5D85CC}.Debug|x86.ActiveCfg = Debug|Win32
		{42E85C6D-B08F-49D3-ABB9-5F3D5D5D85CC}.Debug|x86.Build.0 = Debug|Win32
		{42E85C6D-B08F-49D3-ABB9-5F3D5D5D85CC}.Release|x64.ActiveCfg = Release|x64
		{42E85C6D-B08F-49D3-ABB9-5F3D5D5D85CC}.Release|x64.Build.0 = Release|x64
		{42E85C6D-B08F-49D3-ABB9-5F3D5D5D85CC}.Release|x86.ActiveCfg = Release|Win32
		{42E85C6D-B08F-49D3-ABB9-5F3D5D5D85CC}.Release|x86.Build.0 = Release|Win32
	EndGlobalSection
	GlobalSection(SolutionProperties) = preSolution
		HideSolutionNode = FALSE
	EndGlobalSection
	GlobalSection(ExtensibilityGlobals) = postSolution
		SolutionGuid = {4A6AE788-ECCB-4078-AC0C-FA38A8B29EF7}
	EndGlobalSection
EndGlobal
